
Microsoft Visual Studio Solution File, Format Version 12.00
# Visual Studio Version 17
VisualStudioVersion = 17.0.31903.59
MinimumVisualStudioVersion = 10.0.40219.1
Project("{2150E333-8FDC-42A3-9474-1A3956D46DE8}") = "src", "src", "{827E0CD3-B72D-47B6-A68D-7590B98EB39B}"
EndProject
Project("{FAE04EC0-301F-11D3-BF4B-00C04F79EFBC}") = "BiliRestart.Core", "src\BiliRestart.Core\BiliRestart.Core.csproj", "{1C0F8AE8-3399-46A6-81AD-5CC56E508C73}"
EndProject
Project("{FAE04EC0-301F-11D3-BF4B-00C04F79EFBC}") = "BiliRestart.Api", "src\BiliRestart.Api\BiliRestart.Api.csproj", "{00E766E2-7FCB-4D62-9159-2F9F9CCCAA77}"
EndProject
Project("{FAE04EC0-301F-11D3-BF4B-00C04F79EFBC}") = "BiliRestart.Admin", "src\BiliRestart.Admin\BiliRestart.Admin.csproj", "{726CDD06-5AB2-474F-AF08-73A89001D73C}"
EndProject
Project("{FAE04EC0-301F-11D3-BF4B-00C04F79EFBC}") = "BiliRestart.Admin.Host", "src\BiliRestart.Admin.Host\BiliRestart.Admin.Host.csproj", "{C3A9F90E-E3A6-4E74-9C1D-6B4516A71C9A}"
EndProject
Global
	GlobalSection(SolutionConfigurationPlatforms) = preSolution
		Debug|Any CPU = Debug|Any CPU
		Debug|x64 = Debug|x64
		Debug|x86 = Debug|x86
		Release|Any CPU = Release|Any CPU
		Release|x64 = Release|x64
		Release|x86 = Release|x86
	EndGlobalSection
	GlobalSection(ProjectConfigurationPlatforms) = postSolution
		{1C0F8AE8-3399-46A6-81AD-5CC56E508C73}.Debug|Any CPU.ActiveCfg = Debug|Any CPU
		{1C0F8AE8-3399-46A6-81AD-5CC56E508C73}.Debug|Any CPU.Build.0 = Debug|Any CPU
		{1C0F8AE8-3399-46A6-81AD-5CC56E508C73}.Debug|x64.ActiveCfg = Debug|Any CPU
		{1C0F8AE8-3399-46A6-81AD-5CC56E508C73}.Debug|x64.Build.0 = Debug|Any CPU
		{1C0F8AE8-3399-46A6-81AD-5CC56E508C73}.Debug|x86.ActiveCfg = Debug|Any CPU
		{1C0F8AE8-3399-46A6-81AD-5CC56E508C73}.Debug|x86.Build.0 = Debug|Any CPU
		{1C0F8AE8-3399-46A6-81AD-5CC56E508C73}.Release|Any CPU.ActiveCfg = Release|Any CPU
		{1C0F8AE8-3399-46A6-81AD-5CC56E508C73}.Release|Any CPU.Build.0 = Release|Any CPU
		{1C0F8AE8-3399-46A6-81AD-5CC56E508C73}.Release|x64.ActiveCfg = Release|Any CPU
		{1C0F8AE8-3399-46A6-81AD-5CC56E508C73}.Release|x64.Build.0 = Release|Any CPU
		{1C0F8AE8-3399-46A6-81AD-5CC56E508C73}.Release|x86.ActiveCfg = Release|Any CPU
		{1C0F8AE8-3399-46A6-81AD-5CC56E508C73}.Release|x86.Build.0 = Release|Any CPU
		{00E766E2-7FCB-4D62-9159-2F9F9CCCAA77}.Debug|Any CPU.ActiveCfg = Debug|Any CPU
		{00E766E2-7FCB-4D62-9159-2F9F9CCCAA77}.Debug|Any CPU.Build.0 = Debug|Any CPU
		{00E766E2-7FCB-4D62-9159-2F9F9CCCAA77}.Debug|x64.ActiveCfg = Debug|Any CPU
		{00E766E2-7FCB-4D62-9159-2F9F9CCCAA77}.Debug|x64.Build.0 = Debug|Any CPU
		{00E766E2-7FCB-4D62-9159-2F9F9CCCAA77}.Debug|x86.ActiveCfg = Debug|Any CPU
		{00E766E2-7FCB-4D62-9159-2F9F9CCCAA77}.Debug|x86.Build.0 = Debug|Any CPU
		{00E766E2-7FCB-4D62-9159-2F9F9CCCAA77}.Release|Any CPU.ActiveCfg = Release|Any CPU
		{00E766E2-7FCB-4D62-9159-2F9F9CCCAA77}.Release|Any CPU.Build.0 = Release|Any CPU
		{00E766E2-7FCB-4D62-9159-2F9F9CCCAA77}.Release|x64.ActiveCfg = Release|Any CPU
		{00E766E2-7FCB-4D62-9159-2F9F9CCCAA77}.Release|x64.Build.0 = Release|Any CPU
		{00E766E2-7FCB-4D62-9159-2F9F9CCCAA77}.Release|x86.ActiveCfg = Release|Any CPU
		{00E766E2-7FCB-4D62-9159-2F9F9CCCAA77}.Release|x86.Build.0 = Release|Any CPU
		{726CDD06-5AB2-474F-AF08-73A89001D73C}.Debug|Any CPU.ActiveCfg = Debug|Any CPU
		{726CDD06-5AB2-474F-AF08-73A89001D73C}.Debug|Any CPU.Build.0 = Debug|Any CPU
		{726CDD06-5AB2-474F-AF08-73A89001D73C}.Debug|x64.ActiveCfg = Debug|Any CPU
		{726CDD06-5AB2-474F-AF08-73A89001D73C}.Debug|x64.Build.0 = Debug|Any CPU
		{726CDD06-5AB2-474F-AF08-73A89001D73C}.Debug|x86.ActiveCfg = Debug|Any CPU
		{726CDD06-5AB2-474F-AF08-73A89001D73C}.Debug|x86.Build.0 = Debug|Any CPU
		{726CDD06-5AB2-474F-AF08-73A89001D73C}.Release|Any CPU.ActiveCfg = Release|Any CPU
		{726CDD06-5AB2-474F-AF08-73A89001D73C}.Release|Any CPU.Build.0 = Release|Any CPU
		{726CDD06-5AB2-474F-AF08-73A89001D73C}.Release|x64.ActiveCfg = Release|Any CPU
		{726CDD06-5AB2-474F-AF08-73A89001D73C}.Release|x64.Build.0 = Release|Any CPU
		{726CDD06-5AB2-474F-AF08-73A89001D73C}.Release|x86.ActiveCfg = Release|Any CPU
		{726CDD06-5AB2-474F-AF08-73A89001D73C}.Release|x86.Build.0 = Release|Any CPU
		{C3A9F90E-E3A6-4E74-9C1D-6B4516A71C9A}.Debug|Any CPU.ActiveCfg = Debug|Any CPU
		{C3A9F90E-E3A6-4E74-9C1D-6B4516A71C9A}.Debug|Any CPU.Build.0 = Debug|Any CPU
		{C3A9F90E-E3A6-4E74-9C1D-6B4516A71C9A}.Debug|x64.ActiveCfg = Debug|Any CPU
		{C3A9F90E-E3A6-4E74-9C1D-6B4516A71C9A}.Debug|x64.Build.0 = Debug|Any CPU
		{C3A9F90E-E3A6-4E74-9C1D-6B4516A71C9A}.Debug|x86.ActiveCfg = Debug|Any CPU
		{C3A9F90E-E3A6-4E74-9C1D-6B4516A71C9A}.Debug|x86.Build.0 = Debug|Any CPU
		{C3A9F90E-E3A6-4E74-9C1D-6B4516A71C9A}.Release|Any CPU.ActiveCfg = Release|Any CPU
		{C3A9F90E-E3A6-4E74-9C1D-6B4516A71C9A}.Release|Any CPU.Build.0 = Release|Any CPU
		{C3A9F90E-E3A6-4E74-9C1D-6B4516A71C9A}.Release|x64.ActiveCfg = Release|Any CPU
		{C3A9F90E-E3A6-4E74-9C1D-6B4516A71C9A}.Release|x64.Build.0 = Release|Any CPU
		{C3A9F90E-E3A6-4E74-9C1D-6B4516A71C9A}.Release|x86.ActiveCfg = Release|Any CPU
		{C3A9F90E-E3A6-4E74-9C1D-6B4516A71C9A}.Release|x86.Build.0 = Release|Any CPU
	EndGlobalSection
	GlobalSection(SolutionProperties) = preSolution
		HideSolutionNode = FALSE
	EndGlobalSection
	GlobalSection(NestedProjects) = preSolution
		{1C0F8AE8-3399-46A6-81AD-5CC56E508C73} = {827E0CD3-B72D-47B6-A68D-7590B98EB39B}
		{00E766E2-7FCB-4D62-9159-2F9F9CCCAA77} = {827E0CD3-B72D-47B6-A68D-7590B98EB39B}
		{726CDD06-5AB2-474F-AF08-73A89001D73C} = {827E0CD3-B72D-47B6-A68D-7590B98EB39B}
		{C3A9F90E-E3A6-4E74-9C1D-6B4516A71C9A} = {827E0CD3-B72D-47B6-A68D-7590B98EB39B}
	EndGlobalSection
EndGlobal
